
Microsoft Visual Studio Solution File, Format Version 12.00
# Visual Studio 2012
Project("{FAE04EC0-301F-11D3-BF4B-00C04F79EFBC}") = "AspNetWithAngular", "AspNetWithAngular\AspNetWithAngular.csproj", "{AD7EC8C4-F264-4C7D-BF3B-611D17E8BCB4}"
EndProject
Global
	GlobalSection(SolutionConfigurationPlatforms) = preSolution
		Debug|Any CPU = Debug|Any CPU
		Release|Any CPU = Release|Any CPU
	EndGlobalSection
	GlobalSection(ProjectConfigurationPlatforms) = postSolution
		{AD7EC8C4-F264-4C7D-BF3B-611D17E8BCB4}.Debug|Any CPU.ActiveCfg = Debug|Any CPU
		{AD7EC8C4-F264-4C7D-BF3B-611D17E8BCB4}.Debug|Any CPU.Build.0 = Debug|Any CPU
		{AD7EC8C4-F264-4C7D-BF3B-611D17E8BCB4}.Release|Any CPU.ActiveCfg = Release|Any CPU
		{AD7EC8C4-F264-4C7D-BF3B-611D17E8BCB4}.Release|Any CPU.Build.0 = Release|Any CPU
	EndGlobalSection
	GlobalSection(SolutionProperties) = preSolution
		HideSolutionNode = FALSE
	EndGlobalSection
EndGlobal
